
Microsoft Visual Studio Solution File, Format Version 12.00
# Visual Studio Version 17
VisualStudioVersion = 17.10.35013.160
MinimumVisualStudioVersion = 10.0.40219.1
Project("{FAE04EC0-301F-11D3-BF4B-00C04F79EFBC}") = "ThreadingLearningApp", "ThreadingLearningApp\ThreadingLearningApp.csproj", "{BF4A802F-D15F-4F08-9C0B-65B3B67BAF88}"
EndProject
Global
	GlobalSection(SolutionConfigurationPlatforms) = preSolution
		Debug|Any CPU = Debug|Any CPU
		Release|Any CPU = Release|Any CPU
	EndGlobalSection
	GlobalSection(ProjectConfigurationPlatforms) = postSolution
		{BF4A802F-D15F-4F08-9C0B-65B3B67BAF88}.Debug|Any CPU.ActiveCfg = Debug|Any CPU
		{BF4A802F-D15F-4F08-9C0B-65B3B67BAF88}.Debug|Any CPU.Build.0 = Debug|Any CPU
		{BF4A802F-D15F-4F08-9C0B-65B3B67BAF88}.Release|Any CPU.ActiveCfg = Release|Any CPU
		{BF4A802F-D15F-4F08-9C0B-65B3B67BAF88}.Release|Any CPU.Build.0 = Release|Any CPU
	EndGlobalSection
	GlobalSection(SolutionProperties) = preSolution
		HideSolutionNode = FALSE
	EndGlobalSection
	GlobalSection(ExtensibilityGlobals) = postSolution
		SolutionGuid = {B6603906-59B0-4859-82E2-2D6A756E03A7}
	EndGlobalSection
EndGlobal
